
Microsoft Visual Studio Solution File, Format Version 12.00
Project("{FAE04EC0-301F-11D3-BF4B-00C04F79EFBC}") = "LoadsService", "LoadsService\LoadsService.csproj", "{BC1F8870-A813-4EB1-B2C3-3C4AFB176ADB}"
EndProject
Global
	GlobalSection(SolutionConfigurationPlatforms) = preSolution
		Debug|Any CPU = Debug|Any CPU
		Release|Any CPU = Release|Any CPU
	EndGlobalSection
	GlobalSection(ProjectConfigurationPlatforms) = postSolution
		{BC1F8870-A813-4EB1-B2C3-3C4AFB176ADB}.Debug|Any CPU.ActiveCfg = Debug|Any CPU
		{BC1F8870-A813-4EB1-B2C3-3C4AFB176ADB}.Debug|Any CPU.Build.0 = Debug|Any CPU
		{BC1F8870-A813-4EB1-B2C3-3C4AFB176ADB}.Release|Any CPU.ActiveCfg = Release|Any CPU
		{BC1F8870-A813-4EB1-B2C3-3C4AFB176ADB}.Release|Any CPU.Build.0 = Release|Any CPU
	EndGlobalSection
EndGlobal
